{
  "name": "minute-opus-explainer",
  "lockfileVersion": 3,
  "requires": true,
  "packages": {
    "": {
      "name": "minute-opus-explainer",
      "dependencies": {
        "cmu-pronouncing-dictionary": "^3.0.0",
        "klattsch": "^0.8.0",
        "playwright-core": "^1.55.0"
      }
    },
    "node_modules/cmu-pronouncing-dictionary": {
      "version": "3.0.0",
      "resolved": "https://registry.npmjs.org/cmu-pronouncing-dictionary/-/cmu-pronouncing-dictionary-3.0.0.tgz",
      "integrity": "sha512-6y5X4OxsYFnHERo6WSVPnLrk53G07MOQ8aUb2z555JgwynpbZsHR0a//WdN6DUcmE1j2auTF2TtL4PpoKze8QQ==",
      "license": "ISC"
    },
    "node_modules/klattsch": {
      "version": "0.8.0",
      "resolved": "https://registry.npmjs.org/klattsch/-/klattsch-0.8.0.tgz",
      "integrity": "sha512-NN73eGiHdaITIfhtBClHE2940+Xa+1K3XewsvJoMwR0JAOd7xoccRmdV5N/lIhGDzlhmwILmtuZGLl5pzHMoGA==",
      "license": "MIT",
      "bin": {
        "klattsch": "bin/klattsch.mjs"
      },
      "optionalDependencies": {
        "cmu-pronouncing-dictionary": "^3.0.0"
      }
    },
    "node_modules/playwright-core": {
      "version": "1.63.0",
      "resolved": "https://registry.npmjs.org/playwright-core/-/playwright-core-1.63.0.tgz",
      "integrity": "sha512-rYCsBF/M5HjUch52bbtVONEFjv6Xu8sm8h72dNlR5bzIE1fvC/bxgspzkjSfU+MweEMmPM8KJebG6nnyxo5mCg==",
      "license": "Apache-2.0",
      "bin": {
        "playwright-core": "cli.js"
      },
      "engines": {
        "node": ">=20"
      }
    }
  }
}
